// !$*UTF8*$!
{
	archiveVersion = 1;
	classes = {
	};
	objectVersion = 46;
	objects = {
/* Begin PBXBuildFile section */
		0207DA581B56EA530066E2B4 /* Images.xcassets in Resources */ = {isa = PBXBuildFile; fileRef = 0207DA571B56EA530066E2B4 /* Images.xcassets */; };
		1D3623260D0F684500981E51 /* AppDelegate.m in Sources */ = {isa = PBXBuildFile; fileRef = 1D3623250D0F684500981E51 /* AppDelegate.m */; };
		1D60589B0D05DD56006BFB54 /* main.m in Sources */ = {isa = PBXBuildFile; fileRef = 29B97316FDCFA39411CA2CEA /* main.m */; };
		301BF552109A68D80062928A /* libCordova.a in Frameworks */ = {isa = PBXBuildFile; fileRef = 301BF535109A57CC0062928A /* libCordova.a */; settings = {ATTRIBUTES = (Required, ); }; };
		302D95F114D2391D003F00A1 /* MainViewController.m in Sources */ = {isa = PBXBuildFile; fileRef = 302D95EF14D2391D003F00A1 /* MainViewController.m */; };
		302D95F214D2391D003F00A1 /* MainViewController.xib in Resources */ = {isa = PBXBuildFile; fileRef = 302D95F014D2391D003F00A1 /* MainViewController.xib */; };
		6AFF5BF91D6E424B00AB3073 /* CDVLaunchScreen.storyboard in Resources */ = {isa = PBXBuildFile; fileRef = 6AFF5BF81D6E424B00AB3073 /* CDVLaunchScreen.storyboard */; };
		EAA4F2D242024F7296959A4F /* GoogleService-Info.plist in Resources */ = {isa = PBXBuildFile; fileRef = 19998C2F86F34803933EAF6A /* GoogleService-Info.plist */; };
		2542EBB5905E493F822CE447 /* CDVClipboard.m in Sources */ = {isa = PBXBuildFile; fileRef = 0FE5707626C043809A84500B /* CDVClipboard.m */; };
		9673A38E1AE24B1CB219AE94 /* APPBadge.m in Sources */ = {isa = PBXBuildFile; fileRef = 9FFFC4C2577848199F2609EF /* APPBadge.m */; };
		14AFED1FC30A44E19B4A821E /* UIImage+CropScaleOrientation.m in Sources */ = {isa = PBXBuildFile; fileRef = 8EA5C0864F954831A7A97C8A /* UIImage+CropScaleOrientation.m */; };
		3947B8172EC7425A92F0C927 /* CDVCamera.m in Sources */ = {isa = PBXBuildFile; fileRef = C196A6662F3044B7B3A4ED48 /* CDVCamera.m */; };
		714CBA9BFCDB4C74B57FF064 /* CDVJpegHeaderWriter.m in Sources */ = {isa = PBXBuildFile; fileRef = DB4C653DD94041348A973B7E /* CDVJpegHeaderWriter.m */; };
		36C97BD4430E480A886A3B7A /* ImageIO.framework in Frameworks */ = {isa = PBXBuildFile; fileRef = F2AFFA4BE4784BC5A952A124 /* ImageIO.framework */; settings = {ATTRIBUTES = (Weak, ); }; };
		30808DD39B1E41C0A46F9487 /* CoreLocation.framework in Frameworks */ = {isa = PBXBuildFile; fileRef = 78A746CDDA454F2DBE450BB5 /* CoreLocation.framework */; };
		F084D7C8EB7D448EA4FAD8D7 /* AVFoundation.framework in Frameworks */ = {isa = PBXBuildFile; fileRef = DF3F6DBF620B4A77A709FF87 /* AVFoundation.framework */; };
		D790847F732D47F2A17282C6 /* CDVDevice.m in Sources */ = {isa = PBXBuildFile; fileRef = C1CFB90292544B9A8571D90B /* CDVDevice.m */; };
		6C0810F1AD7A4C6C925712D0 /* CDVFile.m in Sources */ = {isa = PBXBuildFile; fileRef = C1C91319677D400CB808109C /* CDVFile.m */; };
		62ACB942A81049A1A1623EE7 /* CDVLocalFilesystem.m in Sources */ = {isa = PBXBuildFile; fileRef = 6C858EF1AF9B4A66ACF1A298 /* CDVLocalFilesystem.m */; };
		672D27F949B34D53B954203E /* CDVAssetLibraryFilesystem.m in Sources */ = {isa = PBXBuildFile; fileRef = 040867B600B94FBDB9200953 /* CDVAssetLibraryFilesystem.m */; };
		801394C525BA437CA424E87D /* FileOpener2.m in Sources */ = {isa = PBXBuildFile; fileRef = 9FBBC0FF4C6B4184921B7275 /* FileOpener2.m */; };
		8E0670FA36BB4FDC8BBA7FA2 /* CDVFileTransfer.m in Sources */ = {isa = PBXBuildFile; fileRef = 51AB8EE2EEF7434E9EC9A4E2 /* CDVFileTransfer.m */; };
		71CB62A217A847938F18E5B3 /* CDVLocation.m in Sources */ = {isa = PBXBuildFile; fileRef = C6E3D9B8DD57494A8AD96D03 /* CDVLocation.m */; };
		70A3D9D4EC6C45A7BC3144E3 /* CDVGlobalization.m in Sources */ = {isa = PBXBuildFile; fileRef = D6D21DC45F2C43508880DD06 /* CDVGlobalization.m */; };
		08C6CAC87C804609A754D9D4 /* CDVInAppBrowser.m in Sources */ = {isa = PBXBuildFile; fileRef = 2AD9914468BB495686647C2C /* CDVInAppBrowser.m */; };
		86AC2796212A4A498454E7D6 /* CDVInAppBrowserOptions.m in Sources */ = {isa = PBXBuildFile; fileRef = 158A553E66D042CF8EEC7FA3 /* CDVInAppBrowserOptions.m */; };
		166EF1E8B3EB4341B516BE35 /* CDVInAppBrowserNavigationController.m in Sources */ = {isa = PBXBuildFile; fileRef = BE26D90F5898488CA9A4D0C4 /* CDVInAppBrowserNavigationController.m */; };
		F3B68775DCC047F68A8BED1E /* CDVUIInAppBrowser.m in Sources */ = {isa = PBXBuildFile; fileRef = 2866447441CC4DDB9F839FE5 /* CDVUIInAppBrowser.m */; };
		80052248DC784AAEA0EDFC6C /* CDVWKInAppBrowser.m in Sources */ = {isa = PBXBuildFile; fileRef = 14DF3041A3DE44F0A5D51F6A /* CDVWKInAppBrowser.m */; };
		7082673DDA9A4E519FAD40AE /* CDVWKInAppBrowserUIDelegate.m in Sources */ = {isa = PBXBuildFile; fileRef = E7255A595188485D8369B4FF /* CDVWKInAppBrowserUIDelegate.m */; };
		7EA6CC1709DF456386FC7E91 /* CDVIonicKeyboard.m in Sources */ = {isa = PBXBuildFile; fileRef = 29E27CDBDD4F432EB2FAACF9 /* CDVIonicKeyboard.m */; };
		0F3E9287F301482A9E4070C1 /* APPLocalNotification.m in Sources */ = {isa = PBXBuildFile; fileRef = 1297477BF4AF4C4A8D755BD8 /* APPLocalNotification.m */; };
		8926B09ECA5E44E0BE92800F /* APPNotificationCategory.m in Sources */ = {isa = PBXBuildFile; fileRef = 0B63202932BC41B887001C0C /* APPNotificationCategory.m */; };
		4916CFE54410480981FFB4F3 /* APPNotificationContent.m in Sources */ = {isa = PBXBuildFile; fileRef = E92D11E31BDA412F8428D152 /* APPNotificationContent.m */; };
		5E7ACE521EF94EC989CCB589 /* APPNotificationOptions.m in Sources */ = {isa = PBXBuildFile; fileRef = 6C3667902D9E4F4896E47E26 /* APPNotificationOptions.m */; };
		9B747D9582994981AC2F201D /* UNUserNotificationCenter+APPLocalNotification.m in Sources */ = {isa = PBXBuildFile; fileRef = 8C350CDFA9BF4FE2A2F822C8 /* UNUserNotificationCenter+APPLocalNotification.m */; };
		85907CE0E3CD4544B9473D32 /* UNNotificationRequest+APPLocalNotification.m in Sources */ = {isa = PBXBuildFile; fileRef = 24BC07685617444499BDCBEB /* UNNotificationRequest+APPLocalNotification.m */; };
		234CDF4F3A274DC5B20220C9 /* UserNotifications.framework in Frameworks */ = {isa = PBXBuildFile; fileRef = 65BEE437B49F44EEBB15B29A /* UserNotifications.framework */; };
		2B8BA58B03D54A1FA5668ADB /* CDVCapture.m in Sources */ = {isa = PBXBuildFile; fileRef = 0D4CE5E8C8274123866AA3D8 /* CDVCapture.m */; };
		8E554AA1B38148B4B86DB3B4 /* CDVCapture.bundle in Resources */ = {isa = PBXBuildFile; fileRef = E0A5BDE318904BE6BAE17049 /* CDVCapture.bundle */; };
		72501E15BFDA4D6F8C06B159 /* CDVConnection.m in Sources */ = {isa = PBXBuildFile; fileRef = 26668E65FAD1477F9FE4A113 /* CDVConnection.m */; };
		55E288E2E5B2412C9245299F /* CDVReachability.m in Sources */ = {isa = PBXBuildFile; fileRef = AC58461FDFEA465CAAE80748 /* CDVReachability.m */; };
		D046DE1F99CA457B91DABD43 /* SystemConfiguration.framework in Frameworks */ = {isa = PBXBuildFile; fileRef = D77E2CDB715F4A908A3ADE5F /* SystemConfiguration.framework */; settings = {ATTRIBUTES = (Weak, ); }; };
		0C66E7C70DC04FC79A20EA01 /* CoreTelephony.framework in Frameworks */ = {isa = PBXBuildFile; fileRef = 1C041DEAC6A74BB093126C4D /* CoreTelephony.framework */; };
		E30EBF608EB24738AA67A95D /* CDVOrientation.m in Sources */ = {isa = PBXBuildFile; fileRef = 9C4F2ACA0DE54653869532E5 /* CDVOrientation.m */; };
		74C7517E4AD04AB0B4721CB0 /* CDVSplashScreen.m in Sources */ = {isa = PBXBuildFile; fileRef = 1C9A517E588044A38DF86853 /* CDVSplashScreen.m */; };
		A49736EF4FF44F4B93BA4A91 /* CDVViewController+SplashScreen.m in Sources */ = {isa = PBXBuildFile; fileRef = A4B45BA47A944B44BE7628FC /* CDVViewController+SplashScreen.m */; };
		FF5B08A768FC499897356882 /* CDVStatusBar.m in Sources */ = {isa = PBXBuildFile; fileRef = 0BCBC9AA122E4F9FAAA8E804 /* CDVStatusBar.m */; };
		F0FD286CCCBD4C96BF3473E4 /* ZipPlugin.m in Sources */ = {isa = PBXBuildFile; fileRef = 6B5313CF76934B488E811A23 /* ZipPlugin.m */; };
		BE96E317411C44D883D2F89D /* aescrypt.c in Resources */ = {isa = PBXBuildFile; fileRef = 5107C46DF33C4F5091C6A3A8 /* aescrypt.c */; };
		E04650ED7B5A4EC08A3C602A /* aeskey.c in Resources */ = {isa = PBXBuildFile; fileRef = 8A3E065A64CC4B5684A305B7 /* aeskey.c */; };
		0766A00595C7464BB4AC3601 /* aestab.c in Resources */ = {isa = PBXBuildFile; fileRef = B37F40A941D24D97927D9231 /* aestab.c */; };
		385AF8CB8D32434BBE3151D4 /* entropy.c in Resources */ = {isa = PBXBuildFile; fileRef = 63A084FA84E54ECA92A5CF29 /* entropy.c */; };
		084014BC907A4EE5978BE72A /* fileenc.c in Resources */ = {isa = PBXBuildFile; fileRef = 0D2E32FFEB54401284AF3036 /* fileenc.c */; };
		758354ADD3934BD1892F7D73 /* hmac.c in Resources */ = {isa = PBXBuildFile; fileRef = FBA8913890A0443A9E1B27E1 /* hmac.c */; };
		326B719474284D2BA107A00C /* prng.c in Resources */ = {isa = PBXBuildFile; fileRef = D8B5BB58F1064FCA80F5911E /* prng.c */; };
		4FCF0211467947DFBB6FF974 /* pwd2key.c in Resources */ = {isa = PBXBuildFile; fileRef = A2BE0024059D4A7CA06FA766 /* pwd2key.c */; };
		126002D013EC44EA80932305 /* sha1.c in Resources */ = {isa = PBXBuildFile; fileRef = FBE05F983CC14989A8DE062A /* sha1.c */; };
		1DBB84A38F464493B2CC1BD1 /* SSZipArchive.m in Sources */ = {isa = PBXBuildFile; fileRef = 86214C437DA04A27B6968924 /* SSZipArchive.m */; };
		BC3B828F61544BA2A6322AC5 /* zip.c in Resources */ = {isa = PBXBuildFile; fileRef = 6B3B3CDE64714D3C916F9A48 /* zip.c */; };
		1C3E54503A2546B1A44B87EB /* unzip.c in Resources */ = {isa = PBXBuildFile; fileRef = 77DE620C8D994922AE53069B /* unzip.c */; };
		8D51EE2E48004116B26A8A7B /* mztools.c in Resources */ = {isa = PBXBuildFile; fileRef = F8EF91316ED84791B700ECAF /* mztools.c */; };
		000E7F0325FC44D8AEDD867A /* ioapi.c in Resources */ = {isa = PBXBuildFile; fileRef = 36B14C0BE4A8471083E0A79F /* ioapi.c */; };
		BF89D8D27F514F8F88A2C945 /* libz.dylib in Frameworks */ = {isa = PBXBuildFile; fileRef = F1B4FCD243454BE3A20E0FC6 /* libz.dylib */; };
		B644E3996D274DA2B694416B /* SQLitePlugin.m in Sources */ = {isa = PBXBuildFile; fileRef = A70E6E8F1F4C4C8AAF2A0742 /* SQLitePlugin.m */; };
		6B40D4AA87754E2F8CAF5A81 /* PSPDFThreadSafeMutableDictionary.m in Sources */ = {isa = PBXBuildFile; fileRef = DEDF22B846574A2E9F51FFFC /* PSPDFThreadSafeMutableDictionary.m */; settings = {COMPILER_FLAGS = "-w"; }; };
		53ABC1BD35F24BC3B7D0F560 /* sqlite3.c in Resources */ = {isa = PBXBuildFile; fileRef = 5722ABFC6BC146C29AD3647D /* sqlite3.c */; settings = {COMPILER_FLAGS = "-w -DSQLITE_THREADSAFE=1 -DSQLITE_DEFAULT_SYNCHRONOUS=3 -DSQLITE_DEFAULT_MEMSTATUS=0 -DSQLITE_OMIT_DECLTYPE -DSQLITE_OMIT_DEPRECATED -DSQLITE_OMIT_PROGRESS_CALLBACK -DSQLITE_OMIT_SHARED_CACHE -DSQLITE_TEMP_STORE=2 -DSQLITE_OMIT_LOAD_EXTENSION -DSQLITE_ENABLE_FTS3 -DSQLITE_ENABLE_FTS3_PARENTHESIS -DSQLITE_ENABLE_FTS4 -DSQLITE_ENABLE_RTREE -DSQLITE_DEFAULT_PAGE_SIZE=4096"; }; };
		03774811B4CC47DE959BF2B7 /* BackgroundAudio.m in Sources */ = {isa = PBXBuildFile; fileRef = 7CB1CD91DD7C49FEA6790E6C /* BackgroundAudio.m */; };
		1164F23EFF7C4A26B21DD617 /* AppDelegate+notification.m in Sources */ = {isa = PBXBuildFile; fileRef = EA0863F70DA54EC0A7EA282B /* AppDelegate+notification.m */; };
		B2F14F562BD54EBF95AA607A /* PushPlugin.m in Sources */ = {isa = PBXBuildFile; fileRef = 41EAD4D9F58D42AD957BD171 /* PushPlugin.m */; };
		975CA44BA9B94D66A6FCA4AC /* PushKit.framework in Frameworks */ = {isa = PBXBuildFile; fileRef = 51C62523399247E5AE0FE709 /* PushKit.framework */; };
/* End PBXBuildFile section */

/* Begin PBXContainerItemProxy section */
		301BF534109A57CC0062928A /* PBXContainerItemProxy */ = {
			isa = PBXContainerItemProxy;
			containerPortal = 301BF52D109A57CC0062928A /* CordovaLib.xcodeproj */;
			proxyType = 2;
			remoteGlobalIDString = D2AAC07E0554694100DB518D;
			remoteInfo = CordovaLib;
		};
		301BF550109A68C00062928A /* PBXContainerItemProxy */ = {
			isa = PBXContainerItemProxy;
			containerPortal = 301BF52D109A57CC0062928A /* CordovaLib.xcodeproj */;
			proxyType = 1;
			remoteGlobalIDString = D2AAC07D0554694100DB518D;
			remoteInfo = CordovaLib;
		};
		907D8123214C687600058A10 /* PBXContainerItemProxy */ = {
			isa = PBXContainerItemProxy;
			containerPortal = 301BF52D109A57CC0062928A /* CordovaLib.xcodeproj */;
			proxyType = 2;
			remoteGlobalIDString = C0C01EB21E3911D50056E6CB;
			remoteInfo = Cordova;
		};
/* End PBXContainerItemProxy section */

/* Begin PBXFileReference section */
		0207DA571B56EA530066E2B4 /* Images.xcassets */ = {isa = PBXFileReference; lastKnownFileType = folder.assetcatalog; name = Images.xcassets; path = "Moodle/Images.xcassets"; sourceTree = SOURCE_ROOT; };
		1D3623240D0F684500981E51 /* AppDelegate.h */ = {isa = PBXFileReference; fileEncoding = 4; lastKnownFileType = sourcecode.c.h; path = AppDelegate.h; sourceTree = "<group>"; };
		1D3623250D0F684500981E51 /* AppDelegate.m */ = {isa = PBXFileReference; fileEncoding = 4; lastKnownFileType = sourcecode.c.objc; path = AppDelegate.m; sourceTree = "<group>"; };
		1D6058910D05DD3D006BFB54 /* Moodle.app */ = {isa = PBXFileReference; explicitFileType = wrapper.application; includeInIndex = 0; path = "Moodle.app"; sourceTree = BUILT_PRODUCTS_DIR; };
		29B97316FDCFA39411CA2CEA /* main.m */ = {isa = PBXFileReference; fileEncoding = 4; lastKnownFileType = sourcecode.c.objc; path = main.m; sourceTree = "<group>"; };
		301BF52D109A57CC0062928A /* CordovaLib.xcodeproj */ = {isa = PBXFileReference; lastKnownFileType = "wrapper.pb-project"; path = CordovaLib/CordovaLib.xcodeproj; sourceTree = "<group>"; };
		301BF56E109A69640062928A /* www */ = {isa = PBXFileReference; lastKnownFileType = folder; path = www; sourceTree = SOURCE_ROOT; };
		302D95EE14D2391D003F00A1 /* MainViewController.h */ = {isa = PBXFileReference; fileEncoding = 4; lastKnownFileType = sourcecode.c.h; path = MainViewController.h; sourceTree = "<group>"; };
		302D95EF14D2391D003F00A1 /* MainViewController.m */ = {isa = PBXFileReference; fileEncoding = 4; lastKnownFileType = sourcecode.c.objc; path = MainViewController.m; sourceTree = "<group>"; };
		302D95F014D2391D003F00A1 /* MainViewController.xib */ = {isa = PBXFileReference; fileEncoding = 4; lastKnownFileType = file.xib; path = MainViewController.xib; sourceTree = "<group>"; };
		3047A50F1AB8059700498E2A /* build-debug.xcconfig */ = {isa = PBXFileReference; fileEncoding = 4; lastKnownFileType = text.xcconfig; name = "build-debug.xcconfig"; path = "cordova/build-debug.xcconfig"; sourceTree = SOURCE_ROOT; };
		3047A5101AB8059700498E2A /* build-release.xcconfig */ = {isa = PBXFileReference; fileEncoding = 4; lastKnownFileType = text.xcconfig; name = "build-release.xcconfig"; path = "cordova/build-release.xcconfig"; sourceTree = SOURCE_ROOT; };
		3047A5111AB8059700498E2A /* build.xcconfig */ = {isa = PBXFileReference; fileEncoding = 4; lastKnownFileType = text.xcconfig; name = build.xcconfig; path = cordova/build.xcconfig; sourceTree = SOURCE_ROOT; };
		32CA4F630368D1EE00C91783 /* Moodle-Prefix.pch */ = {isa = PBXFileReference; fileEncoding = 4; lastKnownFileType = sourcecode.c.h; path = "Moodle-Prefix.pch"; sourceTree = "<group>"; };
		6AFF5BF81D6E424B00AB3073 /* CDVLaunchScreen.storyboard */ = {isa = PBXFileReference; fileEncoding = 4; lastKnownFileType = file.storyboard; name = CDVLaunchScreen.storyboard; path = "Moodle/CDVLaunchScreen.storyboard"; sourceTree = SOURCE_ROOT; };
		8D1107310486CEB800E47090 /* Moodle-Info.plist */ = {isa = PBXFileReference; fileEncoding = 4; lastKnownFileType = text.plist.xml; name = "Moodle-Info.plist"; path = "Moodle/Moodle-Info.plist"; plistStructureDefinitionIdentifier = "com.apple.xcode.plist.structure-definition.iphone.info-plist"; sourceTree = SOURCE_ROOT; };
		EB87FDF31871DA8E0020F90C /* www */ = {isa = PBXFileReference; lastKnownFileType = folder; name = www; path = ../../www; sourceTree = "<group>"; };
		EB87FDF41871DAF40020F90C /* config.xml */ = {isa = PBXFileReference; lastKnownFileType = text.xml; name = config.xml; path = ../../config.xml; sourceTree = "<group>"; };
		ED33DF2A687741AEAF9F8254 /* Bridging-Header.h */ = {isa = PBXFileReference; fileEncoding = 4; lastKnownFileType = sourcecode.c.h; name = "Bridging-Header.h"; path = "Bridging-Header.h"; sourceTree = "<group>"; };
		F840E1F0165FE0F500CFE078 /* config.xml */ = {isa = PBXFileReference; lastKnownFileType = text.xml; name = config.xml; path = "Moodle/config.xml"; sourceTree = "<group>"; };
		19998C2F86F34803933EAF6A /* GoogleService-Info.plist */ = {isa = PBXFileReference; name = "GoogleService-Info.plist"; path = "GoogleService-Info.plist"; sourceTree = "<group>"; fileEncoding = 4; lastKnownFileType = text.plist.xml; explicitFileType = undefined; includeInIndex = 0; };
		0FE5707626C043809A84500B /* CDVClipboard.m */ = {isa = PBXFileReference; name = "CDVClipboard.m"; path = "cordova-clipboard/CDVClipboard.m"; sourceTree = "<group>"; fileEncoding = 4; lastKnownFileType = sourcecode.c.objc; explicitFileType = undefined; includeInIndex = 0; };
		1725018BCAED490DA621DF18 /* CDVClipboard.h */ = {isa = PBXFileReference; name = "CDVClipboard.h"; path = "cordova-clipboard/CDVClipboard.h"; sourceTree = "<group>"; fileEncoding = 4; lastKnownFileType = sourcecode.c.h; explicitFileType = undefined; includeInIndex = 0; };
		9FFFC4C2577848199F2609EF /* APPBadge.m */ = {isa = PBXFileReference; name = "APPBadge.m"; path = "cordova-plugin-badge/APPBadge.m"; sourceTree = "<group>"; fileEncoding = 4; lastKnownFileType = sourcecode.c.objc; explicitFileType = undefined; includeInIndex = 0; };
		90A4BB75867244E195704FFC /* APPBadge.h */ = {isa = PBXFileReference; name = "APPBadge.h"; path = "cordova-plugin-badge/APPBadge.h"; sourceTree = "<group>"; fileEncoding = 4; lastKnownFileType = sourcecode.c.h; explicitFileType = undefined; includeInIndex = 0; };
		8EA5C0864F954831A7A97C8A /* UIImage+CropScaleOrientation.m */ = {isa = PBXFileReference; name = "UIImage+CropScaleOrientation.m"; path = "cordova-plugin-camera/UIImage+CropScaleOrientation.m"; sourceTree = "<group>"; fileEncoding = 4; lastKnownFileType = sourcecode.c.objc; explicitFileType = undefined; includeInIndex = 0; };
		C196A6662F3044B7B3A4ED48 /* CDVCamera.m */ = {isa = PBXFileReference; name = "CDVCamera.m"; path = "cordova-plugin-camera/CDVCamera.m"; sourceTree = "<group>"; fileEncoding = 4; lastKnownFileType = sourcecode.c.objc; explicitFileType = undefined; includeInIndex = 0; };
		DB4C653DD94041348A973B7E /* CDVJpegHeaderWriter.m */ = {isa = PBXFileReference; name = "CDVJpegHeaderWriter.m"; path = "cordova-plugin-camera/CDVJpegHeaderWriter.m"; sourceTree = "<group>"; fileEncoding = 4; lastKnownFileType = sourcecode.c.objc; explicitFileType = undefined; includeInIndex = 0; };
		B0AF61099D034A8EABDD33E8 /* UIImage+CropScaleOrientation.h */ = {isa = PBXFileReference; name = "UIImage+CropScaleOrientation.h"; path = "cordova-plugin-camera/UIImage+CropScaleOrientation.h"; sourceTree = "<group>"; fileEncoding = 4; lastKnownFileType = sourcecode.c.h; explicitFileType = undefined; includeInIndex = 0; };
		A0CBEE2A7CF84E2FB86B9FF6 /* CDVCamera.h */ = {isa = PBXFileReference; name = "CDVCamera.h"; path = "cordova-plugin-camera/CDVCamera.h"; sourceTree = "<group>"; fileEncoding = 4; lastKnownFileType = sourcecode.c.h; explicitFileType = undefined; includeInIndex = 0; };
		F676D04DC6BB49B3A1F39197 /* CDVJpegHeaderWriter.h */ = {isa = PBXFileReference; name = "CDVJpegHeaderWriter.h"; path = "cordova-plugin-camera/CDVJpegHeaderWriter.h"; sourceTree = "<group>"; fileEncoding = 4; lastKnownFileType = sourcecode.c.h; explicitFileType = undefined; includeInIndex = 0; };
		72ED3E375FA648A7AA451630 /* CDVExif.h */ = {isa = PBXFileReference; name = "CDVExif.h"; path = "cordova-plugin-camera/CDVExif.h"; sourceTree = "<group>"; fileEncoding = 4; lastKnownFileType = sourcecode.c.h; explicitFileType = undefined; includeInIndex = 0; };
		F2AFFA4BE4784BC5A952A124 /* ImageIO.framework */ = {isa = PBXFileReference; name = "ImageIO.framework"; path = "System/Library/Frameworks/ImageIO.framework"; sourceTree = SDKROOT; fileEncoding = undefined; lastKnownFileType = wrapper.framework; explicitFileType = undefined; includeInIndex = 0; };
		78A746CDDA454F2DBE450BB5 /* CoreLocation.framework */ = {isa = PBXFileReference; name = "CoreLocation.framework"; path = "System/Library/Frameworks/CoreLocation.framework"; sourceTree = SDKROOT; fileEncoding = undefined; lastKnownFileType = wrapper.framework; explicitFileType = undefined; includeInIndex = 0; };
		DF3F6DBF620B4A77A709FF87 /* AVFoundation.framework */ = {isa = PBXFileReference; name = "AVFoundation.framework"; path = "System/Library/Frameworks/AVFoundation.framework"; sourceTree = SDKROOT; fileEncoding = undefined; lastKnownFileType = wrapper.framework; explicitFileType = undefined; includeInIndex = 0; };
		C1CFB90292544B9A8571D90B /* CDVDevice.m */ = {isa = PBXFileReference; name = "CDVDevice.m"; path = "cordova-plugin-device/CDVDevice.m"; sourceTree = "<group>"; fileEncoding = 4; lastKnownFileType = sourcecode.c.objc; explicitFileType = undefined; includeInIndex = 0; };
		8EFFF373320045B3A9E7B9B7 /* CDVDevice.h */ = {isa = PBXFileReference; name = "CDVDevice.h"; path = "cordova-plugin-device/CDVDevice.h"; sourceTree = "<group>"; fileEncoding = 4; lastKnownFileType = sourcecode.c.h; explicitFileType = undefined; includeInIndex = 0; };
		C1C91319677D400CB808109C /* CDVFile.m */ = {isa = PBXFileReference; name = "CDVFile.m"; path = "cordova-plugin-file/CDVFile.m"; sourceTree = "<group>"; fileEncoding = 4; lastKnownFileType = sourcecode.c.objc; explicitFileType = undefined; includeInIndex = 0; };
		6C858EF1AF9B4A66ACF1A298 /* CDVLocalFilesystem.m */ = {isa = PBXFileReference; name = "CDVLocalFilesystem.m"; path = "cordova-plugin-file/CDVLocalFilesystem.m"; sourceTree = "<group>"; fileEncoding = 4; lastKnownFileType = sourcecode.c.objc; explicitFileType = undefined; includeInIndex = 0; };
		040867B600B94FBDB9200953 /* CDVAssetLibraryFilesystem.m */ = {isa = PBXFileReference; name = "CDVAssetLibraryFilesystem.m"; path = "cordova-plugin-file/CDVAssetLibraryFilesystem.m"; sourceTree = "<group>"; fileEncoding = 4; lastKnownFileType = sourcecode.c.objc; explicitFileType = undefined; includeInIndex = 0; };
		5D1CC7E2DC5C42299A4EB1F2 /* CDVFile.h */ = {isa = PBXFileReference; name = "CDVFile.h"; path = "cordova-plugin-file/CDVFile.h"; sourceTree = "<group>"; fileEncoding = 4; lastKnownFileType = sourcecode.c.h; explicitFileType = undefined; includeInIndex = 0; };
		341125A183A7413C8EBCE633 /* CDVLocalFilesystem.h */ = {isa = PBXFileReference; name = "CDVLocalFilesystem.h"; path = "cordova-plugin-file/CDVLocalFilesystem.h"; sourceTree = "<group>"; fileEncoding = 4; lastKnownFileType = sourcecode.c.h; explicitFileType = undefined; includeInIndex = 0; };
		902325EA704043BA92C2C7A2 /* CDVAssetLibraryFilesystem.h */ = {isa = PBXFileReference; name = "CDVAssetLibraryFilesystem.h"; path = "cordova-plugin-file/CDVAssetLibraryFilesystem.h"; sourceTree = "<group>"; fileEncoding = 4; lastKnownFileType = sourcecode.c.h; explicitFileType = undefined; includeInIndex = 0; };
		9FBBC0FF4C6B4184921B7275 /* FileOpener2.m */ = {isa = PBXFileReference; name = "FileOpener2.m"; path = "cordova-plugin-file-opener2/FileOpener2.m"; sourceTree = "<group>"; fileEncoding = 4; lastKnownFileType = sourcecode.c.objc; explicitFileType = undefined; includeInIndex = 0; };
		78B039526AE84A9D8685A76A /* FileOpener2.h */ = {isa = PBXFileReference; name = "FileOpener2.h"; path = "cordova-plugin-file-opener2/FileOpener2.h"; sourceTree = "<group>"; fileEncoding = 4; lastKnownFileType = sourcecode.c.h; explicitFileType = undefined; includeInIndex = 0; };
		51AB8EE2EEF7434E9EC9A4E2 /* CDVFileTransfer.m */ = {isa = PBXFileReference; name = "CDVFileTransfer.m"; path = "cordova-plugin-file-transfer/CDVFileTransfer.m"; sourceTree = "<group>"; fileEncoding = 4; lastKnownFileType = sourcecode.c.objc; explicitFileType = undefined; includeInIndex = 0; };
		E5FB5D8AB969480BA2BFB65A /* CDVFileTransfer.h */ = {isa = PBXFileReference; name = "CDVFileTransfer.h"; path = "cordova-plugin-file-transfer/CDVFileTransfer.h"; sourceTree = "<group>"; fileEncoding = 4; lastKnownFileType = sourcecode.c.h; explicitFileType = undefined; includeInIndex = 0; };
		C6E3D9B8DD57494A8AD96D03 /* CDVLocation.m */ = {isa = PBXFileReference; name = "CDVLocation.m"; path = "cordova-plugin-geolocation/CDVLocation.m"; sourceTree = "<group>"; fileEncoding = 4; lastKnownFileType = sourcecode.c.objc; explicitFileType = undefined; includeInIndex = 0; };
		968E30FB2CF44DB9A5592C60 /* CDVLocation.h */ = {isa = PBXFileReference; name = "CDVLocation.h"; path = "cordova-plugin-geolocation/CDVLocation.h"; sourceTree = "<group>"; fileEncoding = 4; lastKnownFileType = sourcecode.c.h; explicitFileType = undefined; includeInIndex = 0; };
		D6D21DC45F2C43508880DD06 /* CDVGlobalization.m */ = {isa = PBXFileReference; name = "CDVGlobalization.m"; path = "cordova-plugin-globalization/CDVGlobalization.m"; sourceTree = "<group>"; fileEncoding = 4; lastKnownFileType = sourcecode.c.objc; explicitFileType = undefined; includeInIndex = 0; };
		763CF5726FB54A8CB180F57C /* CDVGlobalization.h */ = {isa = PBXFileReference; name = "CDVGlobalization.h"; path = "cordova-plugin-globalization/CDVGlobalization.h"; sourceTree = "<group>"; fileEncoding = 4; lastKnownFileType = sourcecode.c.h; explicitFileType = undefined; includeInIndex = 0; };
		2AD9914468BB495686647C2C /* CDVInAppBrowser.m */ = {isa = PBXFileReference; name = "CDVInAppBrowser.m"; path = "cordova-plugin-inappbrowser/CDVInAppBrowser.m"; sourceTree = "<group>"; fileEncoding = 4; lastKnownFileType = sourcecode.c.objc; explicitFileType = undefined; includeInIndex = 0; };
		158A553E66D042CF8EEC7FA3 /* CDVInAppBrowserOptions.m */ = {isa = PBXFileReference; name = "CDVInAppBrowserOptions.m"; path = "cordova-plugin-inappbrowser/CDVInAppBrowserOptions.m"; sourceTree = "<group>"; fileEncoding = 4; lastKnownFileType = sourcecode.c.objc; explicitFileType = undefined; includeInIndex = 0; };
		BE26D90F5898488CA9A4D0C4 /* CDVInAppBrowserNavigationController.m */ = {isa = PBXFileReference; name = "CDVInAppBrowserNavigationController.m"; path = "cordova-plugin-inappbrowser/CDVInAppBrowserNavigationController.m"; sourceTree = "<group>"; fileEncoding = 4; lastKnownFileType = sourcecode.c.objc; explicitFileType = undefined; includeInIndex = 0; };
		2866447441CC4DDB9F839FE5 /* CDVUIInAppBrowser.m */ = {isa = PBXFileReference; name = "CDVUIInAppBrowser.m"; path = "cordova-plugin-inappbrowser/CDVUIInAppBrowser.m"; sourceTree = "<group>"; fileEncoding = 4; lastKnownFileType = sourcecode.c.objc; explicitFileType = undefined; includeInIndex = 0; };
		14DF3041A3DE44F0A5D51F6A /* CDVWKInAppBrowser.m */ = {isa = PBXFileReference; name = "CDVWKInAppBrowser.m"; path = "cordova-plugin-inappbrowser/CDVWKInAppBrowser.m"; sourceTree = "<group>"; fileEncoding = 4; lastKnownFileType = sourcecode.c.objc; explicitFileType = undefined; includeInIndex = 0; };
		E7255A595188485D8369B4FF /* CDVWKInAppBrowserUIDelegate.m */ = {isa = PBXFileReference; name = "CDVWKInAppBrowserUIDelegate.m"; path = "cordova-plugin-inappbrowser/CDVWKInAppBrowserUIDelegate.m"; sourceTree = "<group>"; fileEncoding = 4; lastKnownFileType = sourcecode.c.objc; explicitFileType = undefined; includeInIndex = 0; };
		A2AECDAA191C421B82EEE52C /* CDVInAppBrowser.h */ = {isa = PBXFileReference; name = "CDVInAppBrowser.h"; path = "cordova-plugin-inappbrowser/CDVInAppBrowser.h"; sourceTree = "<group>"; fileEncoding = 4; lastKnownFileType = sourcecode.c.h; explicitFileType = undefined; includeInIndex = 0; };
		BDAA787CD7FE4FD1B4BC341A /* CDVInAppBrowserOptions.h */ = {isa = PBXFileReference; name = "CDVInAppBrowserOptions.h"; path = "cordova-plugin-inappbrowser/CDVInAppBrowserOptions.h"; sourceTree = "<group>"; fileEncoding = 4; lastKnownFileType = sourcecode.c.h; explicitFileType = undefined; includeInIndex = 0; };
		922A5252759D4AA08489DA36 /* CDVInAppBrowserNavigationController.h */ = {isa = PBXFileReference; name = "CDVInAppBrowserNavigationController.h"; path = "cordova-plugin-inappbrowser/CDVInAppBrowserNavigationController.h"; sourceTree = "<group>"; fileEncoding = 4; lastKnownFileType = sourcecode.c.h; explicitFileType = undefined; includeInIndex = 0; };
		410C662930C2465E9E2E327A /* CDVUIInAppBrowser.h */ = {isa = PBXFileReference; name = "CDVUIInAppBrowser.h"; path = "cordova-plugin-inappbrowser/CDVUIInAppBrowser.h"; sourceTree = "<group>"; fileEncoding = 4; lastKnownFileType = sourcecode.c.h; explicitFileType = undefined; includeInIndex = 0; };
		AD089C7AFCBA40A39189F48B /* CDVWKInAppBrowser.h */ = {isa = PBXFileReference; name = "CDVWKInAppBrowser.h"; path = "cordova-plugin-inappbrowser/CDVWKInAppBrowser.h"; sourceTree = "<group>"; fileEncoding = 4; lastKnownFileType = sourcecode.c.h; explicitFileType = undefined; includeInIndex = 0; };
		A18029B406CF4CF080796C3A /* CDVWKInAppBrowserUIDelegate.h */ = {isa = PBXFileReference; name = "CDVWKInAppBrowserUIDelegate.h"; path = "cordova-plugin-inappbrowser/CDVWKInAppBrowserUIDelegate.h"; sourceTree = "<group>"; fileEncoding = 4; lastKnownFileType = sourcecode.c.h; explicitFileType = undefined; includeInIndex = 0; };
		29E27CDBDD4F432EB2FAACF9 /* CDVIonicKeyboard.m */ = {isa = PBXFileReference; name = "CDVIonicKeyboard.m"; path = "cordova-plugin-ionic-keyboard/CDVIonicKeyboard.m"; sourceTree = "<group>"; fileEncoding = 4; lastKnownFileType = sourcecode.c.objc; explicitFileType = undefined; includeInIndex = 0; };
		54FB7511782B4E8AA7AC8A61 /* CDVIonicKeyboard.h */ = {isa = PBXFileReference; name = "CDVIonicKeyboard.h"; path = "cordova-plugin-ionic-keyboard/CDVIonicKeyboard.h"; sourceTree = "<group>"; fileEncoding = 4; lastKnownFileType = sourcecode.c.h; explicitFileType = undefined; includeInIndex = 0; };
		1297477BF4AF4C4A8D755BD8 /* APPLocalNotification.m */ = {isa = PBXFileReference; name = "APPLocalNotification.m"; path = "cordova-plugin-local-notification/APPLocalNotification.m"; sourceTree = "<group>"; fileEncoding = 4; lastKnownFileType = sourcecode.c.objc; explicitFileType = undefined; includeInIndex = 0; };
		0B63202932BC41B887001C0C /* APPNotificationCategory.m */ = {isa = PBXFileReference; name = "APPNotificationCategory.m"; path = "cordova-plugin-local-notification/APPNotificationCategory.m"; sourceTree = "<group>"; fileEncoding = 4; lastKnownFileType = sourcecode.c.objc; explicitFileType = undefined; includeInIndex = 0; };
		E92D11E31BDA412F8428D152 /* APPNotificationContent.m */ = {isa = PBXFileReference; name = "APPNotificationContent.m"; path = "cordova-plugin-local-notification/APPNotificationContent.m"; sourceTree = "<group>"; fileEncoding = 4; lastKnownFileType = sourcecode.c.objc; explicitFileType = undefined; includeInIndex = 0; };
		6C3667902D9E4F4896E47E26 /* APPNotificationOptions.m */ = {isa = PBXFileReference; name = "APPNotificationOptions.m"; path = "cordova-plugin-local-notification/APPNotificationOptions.m"; sourceTree = "<group>"; fileEncoding = 4; lastKnownFileType = sourcecode.c.objc; explicitFileType = undefined; includeInIndex = 0; };
		8C350CDFA9BF4FE2A2F822C8 /* UNUserNotificationCenter+APPLocalNotification.m */ = {isa = PBXFileReference; name = "UNUserNotificationCenter+APPLocalNotification.m"; path = "cordova-plugin-local-notification/UNUserNotificationCenter+APPLocalNotification.m"; sourceTree = "<group>"; fileEncoding = 4; lastKnownFileType = sourcecode.c.objc; explicitFileType = undefined; includeInIndex = 0; };
		24BC07685617444499BDCBEB /* UNNotificationRequest+APPLocalNotification.m */ = {isa = PBXFileReference; name = "UNNotificationRequest+APPLocalNotification.m"; path = "cordova-plugin-local-notification/UNNotificationRequest+APPLocalNotification.m"; sourceTree = "<group>"; fileEncoding = 4; lastKnownFileType = sourcecode.c.objc; explicitFileType = undefined; includeInIndex = 0; };
		F73C829D45644F11AEB828DB /* APPLocalNotification.h */ = {isa = PBXFileReference; name = "APPLocalNotification.h"; path = "cordova-plugin-local-notification/APPLocalNotification.h"; sourceTree = "<group>"; fileEncoding = 4; lastKnownFileType = sourcecode.c.h; explicitFileType = undefined; includeInIndex = 0; };
		D0A682637AF4454186170DC4 /* APPNotificationCategory.h */ = {isa = PBXFileReference; name = "APPNotificationCategory.h"; path = "cordova-plugin-local-notification/APPNotificationCategory.h"; sourceTree = "<group>"; fileEncoding = 4; lastKnownFileType = sourcecode.c.h; explicitFileType = undefined; includeInIndex = 0; };
		B3AD73AA2D844DB8A3AED46E /* APPNotificationContent.h */ = {isa = PBXFileReference; name = "APPNotificationContent.h"; path = "cordova-plugin-local-notification/APPNotificationContent.h"; sourceTree = "<group>"; fileEncoding = 4; lastKnownFileType = sourcecode.c.h; explicitFileType = undefined; includeInIndex = 0; };
		432767AC1EFF4244B1424698 /* APPNotificationOptions.h */ = {isa = PBXFileReference; name = "APPNotificationOptions.h"; path = "cordova-plugin-local-notification/APPNotificationOptions.h"; sourceTree = "<group>"; fileEncoding = 4; lastKnownFileType = sourcecode.c.h; explicitFileType = undefined; includeInIndex = 0; };
		E060E94D51D24FA1B242727C /* UNUserNotificationCenter+APPLocalNotification.h */ = {isa = PBXFileReference; name = "UNUserNotificationCenter+APPLocalNotification.h"; path = "cordova-plugin-local-notification/UNUserNotificationCenter+APPLocalNotification.h"; sourceTree = "<group>"; fileEncoding = 4; lastKnownFileType = sourcecode.c.h; explicitFileType = undefined; includeInIndex = 0; };
		7ACEED4106CB4AF680267E26 /* UNNotificationRequest+APPLocalNotification.h */ = {isa = PBXFileReference; name = "UNNotificationRequest+APPLocalNotification.h"; path = "cordova-plugin-local-notification/UNNotificationRequest+APPLocalNotification.h"; sourceTree = "<group>"; fileEncoding = 4; lastKnownFileType = sourcecode.c.h; explicitFileType = undefined; includeInIndex = 0; };
		65BEE437B49F44EEBB15B29A /* UserNotifications.framework */ = {isa = PBXFileReference; name = "UserNotifications.framework"; path = "System/Library/Frameworks/UserNotifications.framework"; sourceTree = SDKROOT; fileEncoding = undefined; lastKnownFileType = wrapper.framework; explicitFileType = undefined; includeInIndex = 0; };
		0D4CE5E8C8274123866AA3D8 /* CDVCapture.m */ = {isa = PBXFileReference; name = "CDVCapture.m"; path = "cordova-plugin-media-capture/CDVCapture.m"; sourceTree = "<group>"; fileEncoding = 4; lastKnownFileType = sourcecode.c.objc; explicitFileType = undefined; includeInIndex = 0; };
		C6C5CF97CAFF45A38AC20FD9 /* CDVCapture.h */ = {isa = PBXFileReference; name = "CDVCapture.h"; path = "cordova-plugin-media-capture/CDVCapture.h"; sourceTree = "<group>"; fileEncoding = 4; lastKnownFileType = sourcecode.c.h; explicitFileType = undefined; includeInIndex = 0; };
		E0A5BDE318904BE6BAE17049 /* CDVCapture.bundle */ = {isa = PBXFileReference; name = "CDVCapture.bundle"; path = "CDVCapture.bundle"; sourceTree = "<group>"; fileEncoding = undefined; lastKnownFileType = wrapper.plug-in; explicitFileType = undefined; includeInIndex = 0; };
		26668E65FAD1477F9FE4A113 /* CDVConnection.m */ = {isa = PBXFileReference; name = "CDVConnection.m"; path = "cordova-plugin-network-information/CDVConnection.m"; sourceTree = "<group>"; fileEncoding = 4; lastKnownFileType = sourcecode.c.objc; explicitFileType = undefined; includeInIndex = 0; };
		AC58461FDFEA465CAAE80748 /* CDVReachability.m */ = {isa = PBXFileReference; name = "CDVReachability.m"; path = "cordova-plugin-network-information/CDVReachability.m"; sourceTree = "<group>"; fileEncoding = 4; lastKnownFileType = sourcecode.c.objc; explicitFileType = undefined; includeInIndex = 0; };
		72E2B08281924BD8B77EAE2A /* CDVConnection.h */ = {isa = PBXFileReference; name = "CDVConnection.h"; path = "cordova-plugin-network-information/CDVConnection.h"; sourceTree = "<group>"; fileEncoding = 4; lastKnownFileType = sourcecode.c.h; explicitFileType = undefined; includeInIndex = 0; };
		32CB067F7F82400F8AE7F7EB /* CDVReachability.h */ = {isa = PBXFileReference; name = "CDVReachability.h"; path = "cordova-plugin-network-information/CDVReachability.h"; sourceTree = "<group>"; fileEncoding = 4; lastKnownFileType = sourcecode.c.h; explicitFileType = undefined; includeInIndex = 0; };
		D77E2CDB715F4A908A3ADE5F /* SystemConfiguration.framework */ = {isa = PBXFileReference; name = "SystemConfiguration.framework"; path = "System/Library/Frameworks/SystemConfiguration.framework"; sourceTree = SDKROOT; fileEncoding = undefined; lastKnownFileType = wrapper.framework; explicitFileType = undefined; includeInIndex = 0; };
		1C041DEAC6A74BB093126C4D /* CoreTelephony.framework */ = {isa = PBXFileReference; name = "CoreTelephony.framework"; path = "System/Library/Frameworks/CoreTelephony.framework"; sourceTree = SDKROOT; fileEncoding = undefined; lastKnownFileType = wrapper.framework; explicitFileType = undefined; includeInIndex = 0; };
		9C4F2ACA0DE54653869532E5 /* CDVOrientation.m */ = {isa = PBXFileReference; name = "CDVOrientation.m"; path = "cordova-plugin-screen-orientation/CDVOrientation.m"; sourceTree = "<group>"; fileEncoding = 4; lastKnownFileType = sourcecode.c.objc; explicitFileType = undefined; includeInIndex = 0; };
		3120ACEF155E49429B86B1C6 /* CDVOrientation.h */ = {isa = PBXFileReference; name = "CDVOrientation.h"; path = "cordova-plugin-screen-orientation/CDVOrientation.h"; sourceTree = "<group>"; fileEncoding = 4; lastKnownFileType = sourcecode.c.h; explicitFileType = undefined; includeInIndex = 0; };
		1C9A517E588044A38DF86853 /* CDVSplashScreen.m */ = {isa = PBXFileReference; name = "CDVSplashScreen.m"; path = "cordova-plugin-splashscreen/CDVSplashScreen.m"; sourceTree = "<group>"; fileEncoding = 4; lastKnownFileType = sourcecode.c.objc; explicitFileType = undefined; includeInIndex = 0; };
		A4B45BA47A944B44BE7628FC /* CDVViewController+SplashScreen.m */ = {isa = PBXFileReference; name = "CDVViewController+SplashScreen.m"; path = "cordova-plugin-splashscreen/CDVViewController+SplashScreen.m"; sourceTree = "<group>"; fileEncoding = 4; lastKnownFileType = sourcecode.c.objc; explicitFileType = undefined; includeInIndex = 0; };
		57BD75767ACA4679848F7A91 /* CDVSplashScreen.h */ = {isa = PBXFileReference; name = "CDVSplashScreen.h"; path = "cordova-plugin-splashscreen/CDVSplashScreen.h"; sourceTree = "<group>"; fileEncoding = 4; lastKnownFileType = sourcecode.c.h; explicitFileType = undefined; includeInIndex = 0; };
		408B1355E5794A1AAFA05E64 /* CDVViewController+SplashScreen.h */ = {isa = PBXFileReference; name = "CDVViewController+SplashScreen.h"; path = "cordova-plugin-splashscreen/CDVViewController+SplashScreen.h"; sourceTree = "<group>"; fileEncoding = 4; lastKnownFileType = sourcecode.c.h; explicitFileType = undefined; includeInIndex = 0; };
		0BCBC9AA122E4F9FAAA8E804 /* CDVStatusBar.m */ = {isa = PBXFileReference; name = "CDVStatusBar.m"; path = "cordova-plugin-statusbar/CDVStatusBar.m"; sourceTree = "<group>"; fileEncoding = 4; lastKnownFileType = sourcecode.c.objc; explicitFileType = undefined; includeInIndex = 0; };
		B94D7B75EB104901AC912773 /* CDVStatusBar.h */ = {isa = PBXFileReference; name = "CDVStatusBar.h"; path = "cordova-plugin-statusbar/CDVStatusBar.h"; sourceTree = "<group>"; fileEncoding = 4; lastKnownFileType = sourcecode.c.h; explicitFileType = undefined; includeInIndex = 0; };
		6B5313CF76934B488E811A23 /* ZipPlugin.m */ = {isa = PBXFileReference; name = "ZipPlugin.m"; path = "cordova-plugin-zip/ZipPlugin.m"; sourceTree = "<group>"; fileEncoding = 4; lastKnownFileType = sourcecode.c.objc; explicitFileType = undefined; includeInIndex = 0; };
		5107C46DF33C4F5091C6A3A8 /* aescrypt.c */ = {isa = PBXFileReference; name = "aescrypt.c"; path = "cordova-plugin-zip/Plugins/aes/aescrypt.c"; sourceTree = "<group>"; fileEncoding = undefined; lastKnownFileType = unknown; explicitFileType = undefined; includeInIndex = 0; };
		8A3E065A64CC4B5684A305B7 /* aeskey.c */ = {isa = PBXFileReference; name = "aeskey.c"; path = "cordova-plugin-zip/Plugins/aes/aeskey.c"; sourceTree = "<group>"; fileEncoding = undefined; lastKnownFileType = unknown; explicitFileType = undefined; includeInIndex = 0; };
		B37F40A941D24D97927D9231 /* aestab.c */ = {isa = PBXFileReference; name = "aestab.c"; path = "cordova-plugin-zip/Plugins/aes/aestab.c"; sourceTree = "<group>"; fileEncoding = undefined; lastKnownFileType = unknown; explicitFileType = undefined; includeInIndex = 0; };
		63A084FA84E54ECA92A5CF29 /* entropy.c */ = {isa = PBXFileReference; name = "entropy.c"; path = "cordova-plugin-zip/Plugins/aes/entropy.c"; sourceTree = "<group>"; fileEncoding = undefined; lastKnownFileType = unknown; explicitFileType = undefined; includeInIndex = 0; };
		0D2E32FFEB54401284AF3036 /* fileenc.c */ = {isa = PBXFileReference; name = "fileenc.c"; path = "cordova-plugin-zip/Plugins/aes/fileenc.c"; sourceTree = "<group>"; fileEncoding = undefined; lastKnownFileType = unknown; explicitFileType = undefined; includeInIndex = 0; };
		FBA8913890A0443A9E1B27E1 /* hmac.c */ = {isa = PBXFileReference; name = "hmac.c"; path = "cordova-plugin-zip/Plugins/aes/hmac.c"; sourceTree = "<group>"; fileEncoding = undefined; lastKnownFileType = unknown; explicitFileType = undefined; includeInIndex = 0; };
		D8B5BB58F1064FCA80F5911E /* prng.c */ = {isa = PBXFileReference; name = "prng.c"; path = "cordova-plugin-zip/Plugins/aes/prng.c"; sourceTree = "<group>"; fileEncoding = undefined; lastKnownFileType = unknown; explicitFileType = undefined; includeInIndex = 0; };
		A2BE0024059D4A7CA06FA766 /* pwd2key.c */ = {isa = PBXFileReference; name = "pwd2key.c"; path = "cordova-plugin-zip/Plugins/aes/pwd2key.c"; sourceTree = "<group>"; fileEncoding = undefined; lastKnownFileType = unknown; explicitFileType = undefined; includeInIndex = 0; };
		FBE05F983CC14989A8DE062A /* sha1.c */ = {isa = PBXFileReference; name = "sha1.c"; path = "cordova-plugin-zip/Plugins/aes/sha1.c"; sourceTree = "<group>"; fileEncoding = undefined; lastKnownFileType = unknown; explicitFileType = undefined; includeInIndex = 0; };
		86214C437DA04A27B6968924 /* SSZipArchive.m */ = {isa = PBXFileReference; name = "SSZipArchive.m"; path = "cordova-plugin-zip/Plugins/minizip/SSZipArchive.m"; sourceTree = "<group>"; fileEncoding = 4; lastKnownFileType = sourcecode.c.objc; explicitFileType = undefined; includeInIndex = 0; };
		6B3B3CDE64714D3C916F9A48 /* zip.c */ = {isa = PBXFileReference; name = "zip.c"; path = "cordova-plugin-zip/Plugins/minizip/zip.c"; sourceTree = "<group>"; fileEncoding = undefined; lastKnownFileType = unknown; explicitFileType = undefined; includeInIndex = 0; };
		77DE620C8D994922AE53069B /* unzip.c */ = {isa = PBXFileReference; name = "unzip.c"; path = "cordova-plugin-zip/Plugins/minizip/unzip.c"; sourceTree = "<group>"; fileEncoding = undefined; lastKnownFileType = unknown; explicitFileType = undefined; includeInIndex = 0; };
		F8EF91316ED84791B700ECAF /* mztools.c */ = {isa = PBXFileReference; name = "mztools.c"; path = "cordova-plugin-zip/Plugins/minizip/mztools.c"; sourceTree = "<group>"; fileEncoding = undefined; lastKnownFileType = unknown; explicitFileType = undefined; includeInIndex = 0; };
		36B14C0BE4A8471083E0A79F /* ioapi.c */ = {isa = PBXFileReference; name = "ioapi.c"; path = "cordova-plugin-zip/Plugins/minizip/ioapi.c"; sourceTree = "<group>"; fileEncoding = undefined; lastKnownFileType = unknown; explicitFileType = undefined; includeInIndex = 0; };
		216ED6E907984AC08018481B /* ZipPlugin.h */ = {isa = PBXFileReference; name = "ZipPlugin.h"; path = "cordova-plugin-zip/ZipPlugin.h"; sourceTree = "<group>"; fileEncoding = 4; lastKnownFileType = sourcecode.c.h; explicitFileType = undefined; includeInIndex = 0; };
		5EE5790231E64FA2BABC94AF /* Common.h */ = {isa = PBXFileReference; name = "Common.h"; path = "cordova-plugin-zip/Common.h"; sourceTree = "<group>"; fileEncoding = 4; lastKnownFileType = sourcecode.c.h; explicitFileType = undefined; includeInIndex = 0; };
		B3ED058F4D3D4C45BC7DF16C /* aes.h */ = {isa = PBXFileReference; name = "aes.h"; path = "cordova-plugin-zip/Plugins/aes/aes.h"; sourceTree = "<group>"; fileEncoding = 4; lastKnownFileType = sourcecode.c.h; explicitFileType = undefined; includeInIndex = 0; };
		C16EC494DFAA4DC68C66D8DE /* aes_via_ace.h */ = {isa = PBXFileReference; name = "aes_via_ace.h"; path = "cordova-plugin-zip/Plugins/aes/aes_via_ace.h"; sourceTree = "<group>"; fileEncoding = 4; lastKnownFileType = sourcecode.c.h; explicitFileType = undefined; includeInIndex = 0; };
		CACF7919CE5240C797ADCFDB /* aesopt.h */ = {isa = PBXFileReference; name = "aesopt.h"; path = "cordova-plugin-zip/Plugins/aes/aesopt.h"; sourceTree = "<group>"; fileEncoding = 4; lastKnownFileType = sourcecode.c.h; explicitFileType = undefined; includeInIndex = 0; };
		5DD5262FC8FC456DB63FC105 /* aestab.h */ = {isa = PBXFileReference; name = "aestab.h"; path = "cordova-plugin-zip/Plugins/aes/aestab.h"; sourceTree = "<group>"; fileEncoding = 4; lastKnownFileType = sourcecode.c.h; explicitFileType = undefined; includeInIndex = 0; };
		B6D6EED68FBF45708A12C612 /* brg_endian.h */ = {isa = PBXFileReference; name = "brg_endian.h"; path = "cordova-plugin-zip/Plugins/aes/brg_endian.h"; sourceTree = "<group>"; fileEncoding = 4; lastKnownFileType = sourcecode.c.h; explicitFileType = undefined; includeInIndex = 0; };
		57AA5C9DDCCF4BBFA99D27DF /* brg_types.h */ = {isa = PBXFileReference; name = "brg_types.h"; path = "cordova-plugin-zip/Plugins/aes/brg_types.h"; sourceTree = "<group>"; fileEncoding = 4; lastKnownFileType = sourcecode.c.h; explicitFileType = undefined; includeInIndex = 0; };
		DEC55E8A796E4D9498A0F03F /* entropy.h */ = {isa = PBXFileReference; name = "entropy.h"; path = "cordova-plugin-zip/Plugins/aes/entropy.h"; sourceTree = "<group>"; fileEncoding = 4; lastKnownFileType = sourcecode.c.h; explicitFileType = undefined; includeInIndex = 0; };
		F19335A137D048A4BABC8318 /* fileenc.h */ = {isa = PBXFileReference; name = "fileenc.h"; path = "cordova-plugin-zip/Plugins/aes/fileenc.h"; sourceTree = "<group>"; fileEncoding = 4; lastKnownFileType = sourcecode.c.h; explicitFileType = undefined; includeInIndex = 0; };
		9BFC3678FD7447C7A1F073B7 /* hmac.h */ = {isa = PBXFileReference; name = "hmac.h"; path = "cordova-plugin-zip/Plugins/aes/hmac.h"; sourceTree = "<group>"; fileEncoding = 4; lastKnownFileType = sourcecode.c.h; explicitFileType = undefined; includeInIndex = 0; };
		B5F2E2AF6AE24CF3A27B4FB1 /* prng.h */ = {isa = PBXFileReference; name = "prng.h"; path = "cordova-plugin-zip/Plugins/aes/prng.h"; sourceTree = "<group>"; fileEncoding = 4; lastKnownFileType = sourcecode.c.h; explicitFileType = undefined; includeInIndex = 0; };
		8F7C548727584ED2815C884E /* pwd2key.h */ = {isa = PBXFileReference; name = "pwd2key.h"; path = "cordova-plugin-zip/Plugins/aes/pwd2key.h"; sourceTree = "<group>"; fileEncoding = 4; lastKnownFileType = sourcecode.c.h; explicitFileType = undefined; includeInIndex = 0; };
		BD3D09A2596E44ED9653C20A /* sha1.h */ = {isa = PBXFileReference; name = "sha1.h"; path = "cordova-plugin-zip/Plugins/aes/sha1.h"; sourceTree = "<group>"; fileEncoding = 4; lastKnownFileType = sourcecode.c.h; explicitFileType = undefined; includeInIndex = 0; };
		7E42DB83CDD140A5B1C53EDB /* SSZipArchive.h */ = {isa = PBXFileReference; name = "SSZipArchive.h"; path = "cordova-plugin-zip/Plugins/minizip/SSZipArchive.h"; sourceTree = "<group>"; fileEncoding = 4; lastKnownFileType = sourcecode.c.h; explicitFileType = undefined; includeInIndex = 0; };
		89DF89750F6547C083DB5334 /* zip.h */ = {isa = PBXFileReference; name = "zip.h"; path = "cordova-plugin-zip/Plugins/minizip/zip.h"; sourceTree = "<group>"; fileEncoding = 4; lastKnownFileType = sourcecode.c.h; explicitFileType = undefined; includeInIndex = 0; };
		1B58B8156BA64FC4968C8925 /* unzip.h */ = {isa = PBXFileReference; name = "unzip.h"; path = "cordova-plugin-zip/Plugins/minizip/unzip.h"; sourceTree = "<group>"; fileEncoding = 4; lastKnownFileType = sourcecode.c.h; explicitFileType = undefined; includeInIndex = 0; };
		0DABF6E75B184EFCA09BFA08 /* mztools.h */ = {isa = PBXFileReference; name = "mztools.h"; path = "cordova-plugin-zip/Plugins/minizip/mztools.h"; sourceTree = "<group>"; fileEncoding = 4; lastKnownFileType = sourcecode.c.h; explicitFileType = undefined; includeInIndex = 0; };
		F52ACEE5A9D2460BB19EA961 /* ioapi.h */ = {isa = PBXFileReference; name = "ioapi.h"; path = "cordova-plugin-zip/Plugins/minizip/ioapi.h"; sourceTree = "<group>"; fileEncoding = 4; lastKnownFileType = sourcecode.c.h; explicitFileType = undefined; includeInIndex = 0; };
		73A9B20A95B54E9CB8D35E2C /* crypt.h */ = {isa = PBXFileReference; name = "crypt.h"; path = "cordova-plugin-zip/Plugins/minizip/crypt.h"; sourceTree = "<group>"; fileEncoding = 4; lastKnownFileType = sourcecode.c.h; explicitFileType = undefined; includeInIndex = 0; };
		F1B4FCD243454BE3A20E0FC6 /* libz.dylib */ = {isa = PBXFileReference; name = "libz.dylib"; path = "usr/lib/libz.dylib"; sourceTree = SDKROOT; fileEncoding = undefined; lastKnownFileType = compiled.mach-o.dylib; explicitFileType = undefined; includeInIndex = 0; };
		A70E6E8F1F4C4C8AAF2A0742 /* SQLitePlugin.m */ = {isa = PBXFileReference; name = "SQLitePlugin.m"; path = "cordova-sqlite-storage/SQLitePlugin.m"; sourceTree = "<group>"; fileEncoding = 4; lastKnownFileType = sourcecode.c.objc; explicitFileType = undefined; includeInIndex = 0; };
		DEDF22B846574A2E9F51FFFC /* PSPDFThreadSafeMutableDictionary.m */ = {isa = PBXFileReference; name = "PSPDFThreadSafeMutableDictionary.m"; path = "cordova-sqlite-storage/PSPDFThreadSafeMutableDictionary.m"; sourceTree = "<group>"; fileEncoding = 4; lastKnownFileType = sourcecode.c.objc; explicitFileType = undefined; includeInIndex = 0; };
		5722ABFC6BC146C29AD3647D /* sqlite3.c */ = {isa = PBXFileReference; name = "sqlite3.c"; path = "cordova-sqlite-storage/sqlite3.c"; sourceTree = "<group>"; fileEncoding = undefined; lastKnownFileType = unknown; explicitFileType = undefined; includeInIndex = 0; };
		B4037368D41B4C6FAE8FBBF4 /* SQLitePlugin.h */ = {isa = PBXFileReference; name = "SQLitePlugin.h"; path = "cordova-sqlite-storage/SQLitePlugin.h"; sourceTree = "<group>"; fileEncoding = 4; lastKnownFileType = sourcecode.c.h; explicitFileType = undefined; includeInIndex = 0; };
		FB19E7049B4C436D8E00C0DA /* PSPDFThreadSafeMutableDictionary.h */ = {isa = PBXFileReference; name = "PSPDFThreadSafeMutableDictionary.h"; path = "cordova-sqlite-storage/PSPDFThreadSafeMutableDictionary.h"; sourceTree = "<group>"; fileEncoding = 4; lastKnownFileType = sourcecode.c.h; explicitFileType = undefined; includeInIndex = 0; };
		7655367DF561420E9820D905 /* sqlite3.h */ = {isa = PBXFileReference; name = "sqlite3.h"; path = "cordova-sqlite-storage/sqlite3.h"; sourceTree = "<group>"; fileEncoding = 4; lastKnownFileType = sourcecode.c.h; explicitFileType = undefined; includeInIndex = 0; };
		7CB1CD91DD7C49FEA6790E6C /* BackgroundAudio.m */ = {isa = PBXFileReference; name = "BackgroundAudio.m"; path = "nl.kingsquare.cordova.background-audio/BackgroundAudio.m"; sourceTree = "<group>"; fileEncoding = 4; lastKnownFileType = sourcecode.c.objc; explicitFileType = undefined; includeInIndex = 0; };
		EA0863F70DA54EC0A7EA282B /* AppDelegate+notification.m */ = {isa = PBXFileReference; name = "AppDelegate+notification.m"; path = "phonegap-plugin-push/AppDelegate+notification.m"; sourceTree = "<group>"; fileEncoding = 4; lastKnownFileType = sourcecode.c.objc; explicitFileType = undefined; includeInIndex = 0; };
		41EAD4D9F58D42AD957BD171 /* PushPlugin.m */ = {isa = PBXFileReference; name = "PushPlugin.m"; path = "phonegap-plugin-push/PushPlugin.m"; sourceTree = "<group>"; fileEncoding = 4; lastKnownFileType = sourcecode.c.objc; explicitFileType = undefined; includeInIndex = 0; };
		B625B9EDD74C4478B56465D5 /* AppDelegate+notification.h */ = {isa = PBXFileReference; name = "AppDelegate+notification.h"; path = "phonegap-plugin-push/AppDelegate+notification.h"; sourceTree = "<group>"; fileEncoding = 4; lastKnownFileType = sourcecode.c.h; explicitFileType = undefined; includeInIndex = 0; };
		2D7DCF382E8743A98D2A0271 /* PushPlugin.h */ = {isa = PBXFileReference; name = "PushPlugin.h"; path = "phonegap-plugin-push/PushPlugin.h"; sourceTree = "<group>"; fileEncoding = 4; lastKnownFileType = sourcecode.c.h; explicitFileType = undefined; includeInIndex = 0; };
		51C62523399247E5AE0FE709 /* PushKit.framework */ = {isa = PBXFileReference; name = "PushKit.framework"; path = "System/Library/Frameworks/PushKit.framework"; sourceTree = SDKROOT; fileEncoding = undefined; lastKnownFileType = wrapper.framework; explicitFileType = undefined; includeInIndex = 0; };
/* End PBXFileReference section */

/* Begin PBXFrameworksBuildPhase section */
		1D60588F0D05DD3D006BFB54 /* Frameworks */ = {
			isa = PBXFrameworksBuildPhase;
			buildActionMask = 2147483647;
			files = (
				301BF552109A68D80062928A /* libCordova.a in Frameworks */,
				36C97BD4430E480A886A3B7A /* ImageIO.framework in Frameworks */,
				30808DD39B1E41C0A46F9487 /* CoreLocation.framework in Frameworks */,
				F084D7C8EB7D448EA4FAD8D7 /* AVFoundation.framework in Frameworks */,
				234CDF4F3A274DC5B20220C9 /* UserNotifications.framework in Frameworks */,
				D046DE1F99CA457B91DABD43 /* SystemConfiguration.framework in Frameworks */,
				0C66E7C70DC04FC79A20EA01 /* CoreTelephony.framework in Frameworks */,
				BF89D8D27F514F8F88A2C945 /* libz.dylib in Frameworks */,
				975CA44BA9B94D66A6FCA4AC /* PushKit.framework in Frameworks */,
			);
			runOnlyForDeploymentPostprocessing = 0;
		};
/* End PBXFrameworksBuildPhase section */

/* Begin PBXGroup section */
		080E96DDFE201D6D7F000001 /* Classes */ = {
			isa = PBXGroup;
			children = (
				302D95EE14D2391D003F00A1 /* MainViewController.h */,
				302D95EF14D2391D003F00A1 /* MainViewController.m */,
				302D95F014D2391D003F00A1 /* MainViewController.xib */,
				1D3623240D0F684500981E51 /* AppDelegate.h */,
				1D3623250D0F684500981E51 /* AppDelegate.m */,
			);
			name = Classes;
			path = "Moodle/Classes";
			sourceTree = SOURCE_ROOT;
		};
		19C28FACFE9D520D11CA2CBB /* Products */ = {
			isa = PBXGroup;
			children = (
				1D6058910D05DD3D006BFB54 /* Moodle.app */,
			);
			name = Products;
			sourceTree = "<group>";
		};
		29B97314FDCFA39411CA2CEA /* CustomTemplate */ = {
			isa = PBXGroup;
			children = (
				EB87FDF41871DAF40020F90C /* config.xml */,
				EB87FDF31871DA8E0020F90C /* www */,
				EB87FDF11871DA420020F90C /* Staging */,
				301BF52D109A57CC0062928A /* CordovaLib.xcodeproj */,
				080E96DDFE201D6D7F000001 /* Classes */,
				307C750510C5A3420062BCA9 /* Plugins */,
				29B97315FDCFA39411CA2CEA /* Other Sources */,
				29B97317FDCFA39411CA2CEA /* Resources */,
				29B97323FDCFA39411CA2CEA /* Frameworks */,
				19C28FACFE9D520D11CA2CBB /* Products */,
			);
			name = CustomTemplate;
			sourceTree = "<group>";
		};
		29B97315FDCFA39411CA2CEA /* Other Sources */ = {
			isa = PBXGroup;
			children = (
				32CA4F630368D1EE00C91783 /* Moodle-Prefix.pch */,
				29B97316FDCFA39411CA2CEA /* main.m */,
				ED33DF2A687741AEAF9F8254 /* Bridging-Header.h */,
			);
			name = "Other Sources";
			path = "Moodle";
			sourceTree = "<group>";
		};
		29B97317FDCFA39411CA2CEA /* Resources */ = {
			isa = PBXGroup;
			children = (
				0207DA571B56EA530066E2B4 /* Images.xcassets */,
				3047A50E1AB8057F00498E2A /* config */,
				8D1107310486CEB800E47090 /* Moodle-Info.plist */,
				6AFF5BF81D6E424B00AB3073 /* CDVLaunchScreen.storyboard */,
				19998C2F86F34803933EAF6A /* GoogleService-Info.plist */,
				E0A5BDE318904BE6BAE17049 /* CDVCapture.bundle */,
			);
			name = Resources;
			path = "Moodle/Resources";
			sourceTree = "<group>";
		};
		29B97323FDCFA39411CA2CEA /* Frameworks */ = {
			isa = PBXGroup;
			children = (
				F2AFFA4BE4784BC5A952A124 /* ImageIO.framework */,
				78A746CDDA454F2DBE450BB5 /* CoreLocation.framework */,
				DF3F6DBF620B4A77A709FF87 /* AVFoundation.framework */,
				65BEE437B49F44EEBB15B29A /* UserNotifications.framework */,
				D77E2CDB715F4A908A3ADE5F /* SystemConfiguration.framework */,
				1C041DEAC6A74BB093126C4D /* CoreTelephony.framework */,
				F1B4FCD243454BE3A20E0FC6 /* libz.dylib */,
				51C62523399247E5AE0FE709 /* PushKit.framework */,
			);
			name = Frameworks;
			sourceTree = "<group>";
		};
		301BF52E109A57CC0062928A /* Products */ = {
			isa = PBXGroup;
			children = (
				301BF535109A57CC0062928A /* libCordova.a */,
				907D8124214C687600058A10 /* Cordova.framework */,
			);
			name = Products;
			sourceTree = "<group>";
		};
		3047A50E1AB8057F00498E2A /* config */ = {
			isa = PBXGroup;
			children = (
				3047A50F1AB8059700498E2A /* build-debug.xcconfig */,
				3047A5101AB8059700498E2A /* build-release.xcconfig */,
				3047A5111AB8059700498E2A /* build.xcconfig */,
			);
			name = config;
			sourceTree = "<group>";
		};
		307C750510C5A3420062BCA9 /* Plugins */ = {
			isa = PBXGroup;
			children = (
				0FE5707626C043809A84500B /* CDVClipboard.m */,
				1725018BCAED490DA621DF18 /* CDVClipboard.h */,
				9FFFC4C2577848199F2609EF /* APPBadge.m */,
				90A4BB75867244E195704FFC /* APPBadge.h */,
				8EA5C0864F954831A7A97C8A /* UIImage+CropScaleOrientation.m */,
				C196A6662F3044B7B3A4ED48 /* CDVCamera.m */,
				DB4C653DD94041348A973B7E /* CDVJpegHeaderWriter.m */,
				B0AF61099D034A8EABDD33E8 /* UIImage+CropScaleOrientation.h */,
				A0CBEE2A7CF84E2FB86B9FF6 /* CDVCamera.h */,
				F676D04DC6BB49B3A1F39197 /* CDVJpegHeaderWriter.h */,
				72ED3E375FA648A7AA451630 /* CDVExif.h */,
				C1CFB90292544B9A8571D90B /* CDVDevice.m */,
				8EFFF373320045B3A9E7B9B7 /* CDVDevice.h */,
				C1C91319677D400CB808109C /* CDVFile.m */,
				6C858EF1AF9B4A66ACF1A298 /* CDVLocalFilesystem.m */,
				040867B600B94FBDB9200953 /* CDVAssetLibraryFilesystem.m */,
				5D1CC7E2DC5C42299A4EB1F2 /* CDVFile.h */,
				341125A183A7413C8EBCE633 /* CDVLocalFilesystem.h */,
				902325EA704043BA92C2C7A2 /* CDVAssetLibraryFilesystem.h */,
				9FBBC0FF4C6B4184921B7275 /* FileOpener2.m */,
				78B039526AE84A9D8685A76A /* FileOpener2.h */,
				51AB8EE2EEF7434E9EC9A4E2 /* CDVFileTransfer.m */,
				E5FB5D8AB969480BA2BFB65A /* CDVFileTransfer.h */,
				C6E3D9B8DD57494A8AD96D03 /* CDVLocation.m */,
				968E30FB2CF44DB9A5592C60 /* CDVLocation.h */,
				D6D21DC45F2C43508880DD06 /* CDVGlobalization.m */,
				763CF5726FB54A8CB180F57C /* CDVGlobalization.h */,
				2AD9914468BB495686647C2C /* CDVInAppBrowser.m */,
				158A553E66D042CF8EEC7FA3 /* CDVInAppBrowserOptions.m */,
				BE26D90F5898488CA9A4D0C4 /* CDVInAppBrowserNavigationController.m */,
				2866447441CC4DDB9F839FE5 /* CDVUIInAppBrowser.m */,
				14DF3041A3DE44F0A5D51F6A /* CDVWKInAppBrowser.m */,
				E7255A595188485D8369B4FF /* CDVWKInAppBrowserUIDelegate.m */,
				A2AECDAA191C421B82EEE52C /* CDVInAppBrowser.h */,
				BDAA787CD7FE4FD1B4BC341A /* CDVInAppBrowserOptions.h */,
				922A5252759D4AA08489DA36 /* CDVInAppBrowserNavigationController.h */,
				410C662930C2465E9E2E327A /* CDVUIInAppBrowser.h */,
				AD089C7AFCBA40A39189F48B /* CDVWKInAppBrowser.h */,
				A18029B406CF4CF080796C3A /* CDVWKInAppBrowserUIDelegate.h */,
				29E27CDBDD4F432EB2FAACF9 /* CDVIonicKeyboard.m */,
				54FB7511782B4E8AA7AC8A61 /* CDVIonicKeyboard.h */,
				1297477BF4AF4C4A8D755BD8 /* APPLocalNotification.m */,
				0B63202932BC41B887001C0C /* APPNotificationCategory.m */,
				E92D11E31BDA412F8428D152 /* APPNotificationContent.m */,
				6C3667902D9E4F4896E47E26 /* APPNotificationOptions.m */,
				8C350CDFA9BF4FE2A2F822C8 /* UNUserNotificationCenter+APPLocalNotification.m */,
				24BC07685617444499BDCBEB /* UNNotificationRequest+APPLocalNotification.m */,
				F73C829D45644F11AEB828DB /* APPLocalNotification.h */,
				D0A682637AF4454186170DC4 /* APPNotificationCategory.h */,
				B3AD73AA2D844DB8A3AED46E /* APPNotificationContent.h */,
				432767AC1EFF4244B1424698 /* APPNotificationOptions.h */,
				E060E94D51D24FA1B242727C /* UNUserNotificationCenter+APPLocalNotification.h */,
				7ACEED4106CB4AF680267E26 /* UNNotificationRequest+APPLocalNotification.h */,
				0D4CE5E8C8274123866AA3D8 /* CDVCapture.m */,
				C6C5CF97CAFF45A38AC20FD9 /* CDVCapture.h */,
				26668E65FAD1477F9FE4A113 /* CDVConnection.m */,
				AC58461FDFEA465CAAE80748 /* CDVReachability.m */,
				72E2B08281924BD8B77EAE2A /* CDVConnection.h */,
				32CB067F7F82400F8AE7F7EB /* CDVReachability.h */,
				9C4F2ACA0DE54653869532E5 /* CDVOrientation.m */,
				3120ACEF155E49429B86B1C6 /* CDVOrientation.h */,
				1C9A517E588044A38DF86853 /* CDVSplashScreen.m */,
				A4B45BA47A944B44BE7628FC /* CDVViewController+SplashScreen.m */,
				57BD75767ACA4679848F7A91 /* CDVSplashScreen.h */,
				408B1355E5794A1AAFA05E64 /* CDVViewController+SplashScreen.h */,
				0BCBC9AA122E4F9FAAA8E804 /* CDVStatusBar.m */,
				B94D7B75EB104901AC912773 /* CDVStatusBar.h */,
				6B5313CF76934B488E811A23 /* ZipPlugin.m */,
				5107C46DF33C4F5091C6A3A8 /* aescrypt.c */,
				8A3E065A64CC4B5684A305B7 /* aeskey.c */,
				B37F40A941D24D97927D9231 /* aestab.c */,
				63A084FA84E54ECA92A5CF29 /* entropy.c */,
				0D2E32FFEB54401284AF3036 /* fileenc.c */,
				FBA8913890A0443A9E1B27E1 /* hmac.c */,
				D8B5BB58F1064FCA80F5911E /* prng.c */,
				A2BE0024059D4A7CA06FA766 /* pwd2key.c */,
				FBE05F983CC14989A8DE062A /* sha1.c */,
				86214C437DA04A27B6968924 /* SSZipArchive.m */,
				6B3B3CDE64714D3C916F9A48 /* zip.c */,
				77DE620C8D994922AE53069B /* unzip.c */,
				F8EF91316ED84791B700ECAF /* mztools.c */,
				36B14C0BE4A8471083E0A79F /* ioapi.c */,
				216ED6E907984AC08018481B /* ZipPlugin.h */,
				5EE5790231E64FA2BABC94AF /* Common.h */,
				B3ED058F4D3D4C45BC7DF16C /* aes.h */,
				C16EC494DFAA4DC68C66D8DE /* aes_via_ace.h */,
				CACF7919CE5240C797ADCFDB /* aesopt.h */,
				5DD5262FC8FC456DB63FC105 /* aestab.h */,
				B6D6EED68FBF45708A12C612 /* brg_endian.h */,
				57AA5C9DDCCF4BBFA99D27DF /* brg_types.h */,
				DEC55E8A796E4D9498A0F03F /* entropy.h */,
				F19335A137D048A4BABC8318 /* fileenc.h */,
				9BFC3678FD7447C7A1F073B7 /* hmac.h */,
				B5F2E2AF6AE24CF3A27B4FB1 /* prng.h */,
				8F7C548727584ED2815C884E /* pwd2key.h */,
				BD3D09A2596E44ED9653C20A /* sha1.h */,
				7E42DB83CDD140A5B1C53EDB /* SSZipArchive.h */,
				89DF89750F6547C083DB5334 /* zip.h */,
				1B58B8156BA64FC4968C8925 /* unzip.h */,
				0DABF6E75B184EFCA09BFA08 /* mztools.h */,
				F52ACEE5A9D2460BB19EA961 /* ioapi.h */,
				73A9B20A95B54E9CB8D35E2C /* crypt.h */,
				A70E6E8F1F4C4C8AAF2A0742 /* SQLitePlugin.m */,
				DEDF22B846574A2E9F51FFFC /* PSPDFThreadSafeMutableDictionary.m */,
				5722ABFC6BC146C29AD3647D /* sqlite3.c */,
				B4037368D41B4C6FAE8FBBF4 /* SQLitePlugin.h */,
				FB19E7049B4C436D8E00C0DA /* PSPDFThreadSafeMutableDictionary.h */,
				7655367DF561420E9820D905 /* sqlite3.h */,
				7CB1CD91DD7C49FEA6790E6C /* BackgroundAudio.m */,
				EA0863F70DA54EC0A7EA282B /* AppDelegate+notification.m */,
				41EAD4D9F58D42AD957BD171 /* PushPlugin.m */,
				B625B9EDD74C4478B56465D5 /* AppDelegate+notification.h */,
				2D7DCF382E8743A98D2A0271 /* PushPlugin.h */,
			);
			name = Plugins;
			path = "Moodle/Plugins";
			sourceTree = SOURCE_ROOT;
		};
		EB87FDF11871DA420020F90C /* Staging */ = {
			isa = PBXGroup;
			children = (
				F840E1F0165FE0F500CFE078 /* config.xml */,
				301BF56E109A69640062928A /* www */,
			);
			name = Staging;
			sourceTree = "<group>";
		};
/* End PBXGroup section */

/* Begin PBXNativeTarget section */
		1D6058900D05DD3D006BFB54 /* Moodle */ = {
			isa = PBXNativeTarget;
			buildConfigurationList = 1D6058960D05DD3E006BFB54 /* Build configuration list for PBXNativeTarget "Moodle" */;
			buildPhases = (
				304B58A110DAC018002A0835 /* Copy www directory */,
				1D60588D0D05DD3D006BFB54 /* Resources */,
				1D60588E0D05DD3D006BFB54 /* Sources */,
				1D60588F0D05DD3D006BFB54 /* Frameworks */,
			);
			buildRules = (
			);
			dependencies = (
				301BF551109A68C00062928A /* PBXTargetDependency */,
			);
			name = "Moodle";
			productName = "Moodle";
			productReference = 1D6058910D05DD3D006BFB54 /* Moodle.app */;
			productType = "com.apple.product-type.application";
		};
/* End PBXNativeTarget section */

/* Begin PBXProject section */
		29B97313FDCFA39411CA2CEA /* Project object */ = {
			isa = PBXProject;
			attributes = {
				LastUpgradeCheck = 510;
				TargetAttributes = {
					1D6058900D05DD3D006BFB54 = {
						ProvisioningStyle = Automatic;
					};
				};
			};
			buildConfigurationList = C01FCF4E08A954540054247B /* Build configuration list for PBXProject "Moodle" */;
			compatibilityVersion = "Xcode 3.2";
			developmentRegion = English;
			hasScannedForEncodings = 1;
			mainGroup = 29B97314FDCFA39411CA2CEA /* CustomTemplate */;
			projectDirPath = "";
			projectReferences = (
				{
					ProductGroup = 301BF52E109A57CC0062928A /* Products */;
					ProjectRef = 301BF52D109A57CC0062928A /* CordovaLib.xcodeproj */;
				},
			);
			projectRoot = "";
			targets = (
				1D6058900D05DD3D006BFB54 /* Moodle */,
			);
		};
/* End PBXProject section */

/* Begin PBXReferenceProxy section */
		301BF535109A57CC0062928A /* libCordova.a */ = {
			isa = PBXReferenceProxy;
			fileType = archive.ar;
			path = libCordova.a;
			remoteRef = 301BF534109A57CC0062928A /* PBXContainerItemProxy */;
			sourceTree = BUILT_PRODUCTS_DIR;
		};
		907D8124214C687600058A10 /* Cordova.framework */ = {
			isa = PBXReferenceProxy;
			fileType = wrapper.framework;
			path = Cordova.framework;
			remoteRef = 907D8123214C687600058A10 /* PBXContainerItemProxy */;
			sourceTree = BUILT_PRODUCTS_DIR;
		};
/* End PBXReferenceProxy section */

/* Begin PBXResourcesBuildPhase section */
		1D60588D0D05DD3D006BFB54 /* Resources */ = {
			isa = PBXResourcesBuildPhase;
			buildActionMask = 2147483647;
			files = (
				302D95F214D2391D003F00A1 /* MainViewController.xib in Resources */,
				0207DA581B56EA530066E2B4 /* Images.xcassets in Resources */,
				6AFF5BF91D6E424B00AB3073 /* CDVLaunchScreen.storyboard in Resources */,
				EAA4F2D242024F7296959A4F /* GoogleService-Info.plist in Resources */,
				8E554AA1B38148B4B86DB3B4 /* CDVCapture.bundle in Resources */,
			);
			runOnlyForDeploymentPostprocessing = 0;
		};
/* End PBXResourcesBuildPhase section */

/* Begin PBXShellScriptBuildPhase section */
		304B58A110DAC018002A0835 /* Copy www directory */ = {
			isa = PBXShellScriptBuildPhase;
			buildActionMask = 2147483647;
			files = (
			);
			inputPaths = (
			);
			name = "Copy www directory";
			outputPaths = (
			);
			runOnlyForDeploymentPostprocessing = 0;
			shellPath = /bin/sh;
			shellScript = "\"$SRCROOT/Moodle/Scripts/copy-www-build-step.sh\"";
			showEnvVarsInLog = 0;
		};
/* End PBXShellScriptBuildPhase section */

/* Begin PBXSourcesBuildPhase section */
		1D60588E0D05DD3D006BFB54 /* Sources */ = {
			isa = PBXSourcesBuildPhase;
			buildActionMask = 2147483647;
			files = (
				1D60589B0D05DD56006BFB54 /* main.m in Sources */,
				1D3623260D0F684500981E51 /* AppDelegate.m in Sources */,
				302D95F114D2391D003F00A1 /* MainViewController.m in Sources */,
				2542EBB5905E493F822CE447 /* CDVClipboard.m in Sources */,
				9673A38E1AE24B1CB219AE94 /* APPBadge.m in Sources */,
				14AFED1FC30A44E19B4A821E /* UIImage+CropScaleOrientation.m in Sources */,
				3947B8172EC7425A92F0C927 /* CDVCamera.m in Sources */,
				714CBA9BFCDB4C74B57FF064 /* CDVJpegHeaderWriter.m in Sources */,
				D790847F732D47F2A17282C6 /* CDVDevice.m in Sources */,
				6C0810F1AD7A4C6C925712D0 /* CDVFile.m in Sources */,
				62ACB942A81049A1A1623EE7 /* CDVLocalFilesystem.m in Sources */,
				672D27F949B34D53B954203E /* CDVAssetLibraryFilesystem.m in Sources */,
				801394C525BA437CA424E87D /* FileOpener2.m in Sources */,
				8E0670FA36BB4FDC8BBA7FA2 /* CDVFileTransfer.m in Sources */,
				71CB62A217A847938F18E5B3 /* CDVLocation.m in Sources */,
				70A3D9D4EC6C45A7BC3144E3 /* CDVGlobalization.m in Sources */,
				08C6CAC87C804609A754D9D4 /* CDVInAppBrowser.m in Sources */,
				86AC2796212A4A498454E7D6 /* CDVInAppBrowserOptions.m in Sources */,
				166EF1E8B3EB4341B516BE35 /* CDVInAppBrowserNavigationController.m in Sources */,
				F3B68775DCC047F68A8BED1E /* CDVUIInAppBrowser.m in Sources */,
				80052248DC784AAEA0EDFC6C /* CDVWKInAppBrowser.m in Sources */,
				7082673DDA9A4E519FAD40AE /* CDVWKInAppBrowserUIDelegate.m in Sources */,
				7EA6CC1709DF456386FC7E91 /* CDVIonicKeyboard.m in Sources */,
				0F3E9287F301482A9E4070C1 /* APPLocalNotification.m in Sources */,
				8926B09ECA5E44E0BE92800F /* APPNotificationCategory.m in Sources */,
				4916CFE54410480981FFB4F3 /* APPNotificationContent.m in Sources */,
				5E7ACE521EF94EC989CCB589 /* APPNotificationOptions.m in Sources */,
				9B747D9582994981AC2F201D /* UNUserNotificationCenter+APPLocalNotification.m in Sources */,
				85907CE0E3CD4544B9473D32 /* UNNotificationRequest+APPLocalNotification.m in Sources */,
				2B8BA58B03D54A1FA5668ADB /* CDVCapture.m in Sources */,
				72501E15BFDA4D6F8C06B159 /* CDVConnection.m in Sources */,
				55E288E2E5B2412C9245299F /* CDVReachability.m in Sources */,
				E30EBF608EB24738AA67A95D /* CDVOrientation.m in Sources */,
				74C7517E4AD04AB0B4721CB0 /* CDVSplashScreen.m in Sources */,
				A49736EF4FF44F4B93BA4A91 /* CDVViewController+SplashScreen.m in Sources */,
				FF5B08A768FC499897356882 /* CDVStatusBar.m in Sources */,
				F0FD286CCCBD4C96BF3473E4 /* ZipPlugin.m in Sources */,
				BE96E317411C44D883D2F89D /* aescrypt.c in Resources */,
				E04650ED7B5A4EC08A3C602A /* aeskey.c in Resources */,
				0766A00595C7464BB4AC3601 /* aestab.c in Resources */,
				385AF8CB8D32434BBE3151D4 /* entropy.c in Resources */,
				084014BC907A4EE5978BE72A /* fileenc.c in Resources */,
				758354ADD3934BD1892F7D73 /* hmac.c in Resources */,
				326B719474284D2BA107A00C /* prng.c in Resources */,
				4FCF0211467947DFBB6FF974 /* pwd2key.c in Resources */,
				126002D013EC44EA80932305 /* sha1.c in Resources */,
				1DBB84A38F464493B2CC1BD1 /* SSZipArchive.m in Sources */,
				BC3B828F61544BA2A6322AC5 /* zip.c in Resources */,
				1C3E54503A2546B1A44B87EB /* unzip.c in Resources */,
				8D51EE2E48004116B26A8A7B /* mztools.c in Resources */,
				000E7F0325FC44D8AEDD867A /* ioapi.c in Resources */,
				B644E3996D274DA2B694416B /* SQLitePlugin.m in Sources */,
				6B40D4AA87754E2F8CAF5A81 /* PSPDFThreadSafeMutableDictionary.m in Sources */,
				53ABC1BD35F24BC3B7D0F560 /* sqlite3.c in Resources */,
				03774811B4CC47DE959BF2B7 /* BackgroundAudio.m in Sources */,
				1164F23EFF7C4A26B21DD617 /* AppDelegate+notification.m in Sources */,
				B2F14F562BD54EBF95AA607A /* PushPlugin.m in Sources */,
			);
			runOnlyForDeploymentPostprocessing = 0;
		};
/* End PBXSourcesBuildPhase section */

/* Begin PBXTargetDependency section */
		301BF551109A68C00062928A /* PBXTargetDependency */ = {
			isa = PBXTargetDependency;
			name = CordovaLib;
			targetProxy = 301BF550109A68C00062928A /* PBXContainerItemProxy */;
		};
/* End PBXTargetDependency section */

/* Begin XCBuildConfiguration section */
		1D6058940D05DD3E006BFB54 /* Debug */ = {
			isa = XCBuildConfiguration;
			baseConfigurationReference = 3047A50F1AB8059700498E2A /* build-debug.xcconfig */;
			buildSettings = {
				ALWAYS_SEARCH_USER_PATHS = NO;
				ASSETCATALOG_COMPILER_APPICON_NAME = AppIcon;
				ASSETCATALOG_COMPILER_LAUNCHIMAGE_NAME = LaunchImage;
				CLANG_ENABLE_MODULES = YES;
				CLANG_ENABLE_OBJC_ARC = YES;
				COPY_PHASE_STRIP = NO;
				GCC_DYNAMIC_NO_PIC = NO;
				GCC_OPTIMIZATION_LEVEL = 0;
				GCC_PRECOMPILE_PREFIX_HEADER = YES;
				GCC_PREFIX_HEADER = "Moodle/Moodle-Prefix.pch";
				GCC_THUMB_SUPPORT = NO;
				GCC_VERSION = "";
				INFOPLIST_FILE = "Moodle/Moodle-Info.plist";
				IPHONEOS_DEPLOYMENT_TARGET = 10.0;
				LD_RUNPATH_SEARCH_PATHS = "@executable_path/Frameworks";
				PRODUCT_BUNDLE_IDENTIFIER = com.moodle.moodlemobile;
				PRODUCT_NAME = "$(TARGET_NAME)";
				TARGETED_DEVICE_FAMILY = "1,2";
			};
			name = Debug;
		};
		1D6058950D05DD3E006BFB54 /* Release */ = {
			isa = XCBuildConfiguration;
			baseConfigurationReference = 3047A5101AB8059700498E2A /* build-release.xcconfig */;
			buildSettings = {
				ALWAYS_SEARCH_USER_PATHS = NO;
				ASSETCATALOG_COMPILER_APPICON_NAME = AppIcon;
				ASSETCATALOG_COMPILER_LAUNCHIMAGE_NAME = LaunchImage;
				CLANG_ENABLE_MODULES = YES;
				CLANG_ENABLE_OBJC_ARC = YES;
				COPY_PHASE_STRIP = YES;
				GCC_PRECOMPILE_PREFIX_HEADER = YES;
				GCC_PREFIX_HEADER = "Moodle/Moodle-Prefix.pch";
				GCC_THUMB_SUPPORT = NO;
				GCC_VERSION = "";
				INFOPLIST_FILE = "Moodle/Moodle-Info.plist";
				IPHONEOS_DEPLOYMENT_TARGET = 10.0;
				LD_RUNPATH_SEARCH_PATHS = "@executable_path/Frameworks";
				PRODUCT_BUNDLE_IDENTIFIER = com.moodle.moodlemobile;
				PRODUCT_NAME = "$(TARGET_NAME)";
				TARGETED_DEVICE_FAMILY = "1,2";
			};
			name = Release;
		};
		C01FCF4F08A954540054247B /* Debug */ = {
			isa = XCBuildConfiguration;
			baseConfigurationReference = 3047A5111AB8059700498E2A /* build.xcconfig */;
			buildSettings = {
				CLANG_ENABLE_MODULES = YES;
				CLANG_ENABLE_OBJC_ARC = YES;
				CLANG_WARN_BLOCK_CAPTURE_AUTORELEASING = YES;
				CLANG_WARN_BOOL_CONVERSION = YES;
				CLANG_WARN_COMMA = YES;
				CLANG_WARN_CONSTANT_CONVERSION = YES;
				CLANG_WARN_DEPRECATED_OBJC_IMPLEMENTATIONS = YES;
				CLANG_WARN_EMPTY_BODY = YES;
				CLANG_WARN_ENUM_CONVERSION = YES;
				CLANG_WARN_INFINITE_RECURSION = YES;
				CLANG_WARN_INT_CONVERSION = YES;
				CLANG_WARN_NON_LITERAL_NULL_CONVERSION = YES;
				CLANG_WARN_OBJC_IMPLICIT_RETAIN_SELF = YES;
				CLANG_WARN_OBJC_LITERAL_CONVERSION = YES;
				CLANG_WARN_RANGE_LOOP_ANALYSIS = YES;
				CLANG_WARN_STRICT_PROTOTYPES = YES;
				CLANG_WARN_SUSPICIOUS_MOVE = YES;
				CLANG_WARN_UNREACHABLE_CODE = YES;
				CLANG_WARN__DUPLICATE_METHOD_MATCH = YES;
				ENABLE_STRICT_OBJC_MSGSEND = YES;
				ENABLE_TESTABILITY = YES;
				GCC_C_LANGUAGE_STANDARD = c99;
				GCC_NO_COMMON_BLOCKS = YES;
				GCC_THUMB_SUPPORT = NO;
				GCC_VERSION = "";
				GCC_WARN_64_TO_32_BIT_CONVERSION = YES;
				GCC_WARN_ABOUT_RETURN_TYPE = YES;
				GCC_WARN_UNDECLARED_SELECTOR = YES;
				GCC_WARN_UNINITIALIZED_AUTOS = YES;
				GCC_WARN_UNUSED_FUNCTION = YES;
				GCC_WARN_UNUSED_VARIABLE = YES;
				ONLY_ACTIVE_ARCH = YES;
				SDKROOT = iphoneos;
				SKIP_INSTALL = NO;
				PRODUCT_BUNDLE_IDENTIFIER = com.moodle.moodlemobile;
				TARGETED_DEVICE_FAMILY = "1,2";
			};
			name = Debug;
		};
		C01FCF5008A954540054247B /* Release */ = {
			isa = XCBuildConfiguration;
			baseConfigurationReference = 3047A5111AB8059700498E2A /* build.xcconfig */;
			buildSettings = {
				CLANG_ENABLE_MODULES = YES;
				CLANG_ENABLE_OBJC_ARC = YES;
				CLANG_WARN_BLOCK_CAPTURE_AUTORELEASING = YES;
				CLANG_WARN_BOOL_CONVERSION = YES;
				CLANG_WARN_COMMA = YES;
				CLANG_WARN_CONSTANT_CONVERSION = YES;
				CLANG_WARN_DEPRECATED_OBJC_IMPLEMENTATIONS = YES;
				CLANG_WARN_EMPTY_BODY = YES;
				CLANG_WARN_ENUM_CONVERSION = YES;
				CLANG_WARN_INFINITE_RECURSION = YES;
				CLANG_WARN_INT_CONVERSION = YES;
				CLANG_WARN_NON_LITERAL_NULL_CONVERSION = YES;
				CLANG_WARN_OBJC_IMPLICIT_RETAIN_SELF = YES;
				CLANG_WARN_OBJC_LITERAL_CONVERSION = YES;
				CLANG_WARN_RANGE_LOOP_ANALYSIS = YES;
				CLANG_WARN_STRICT_PROTOTYPES = YES;
				CLANG_WARN_SUSPICIOUS_MOVE = YES;
				CLANG_WARN_UNREACHABLE_CODE = YES;
				CLANG_WARN__DUPLICATE_METHOD_MATCH = YES;
				ENABLE_STRICT_OBJC_MSGSEND = YES;
				GCC_C_LANGUAGE_STANDARD = c99;
				GCC_NO_COMMON_BLOCKS = YES;
				GCC_THUMB_SUPPORT = NO;
				GCC_VERSION = "";
				GCC_WARN_64_TO_32_BIT_CONVERSION = YES;
				GCC_WARN_ABOUT_RETURN_TYPE = YES;
				GCC_WARN_UNDECLARED_SELECTOR = YES;
				GCC_WARN_UNINITIALIZED_AUTOS = YES;
				GCC_WARN_UNUSED_FUNCTION = YES;
				GCC_WARN_UNUSED_VARIABLE = YES;
				SDKROOT = iphoneos;
				SKIP_INSTALL = NO;
				PRODUCT_BUNDLE_IDENTIFIER = com.moodle.moodlemobile;
				TARGETED_DEVICE_FAMILY = "1,2";
			};
			name = Release;
		};
/* End XCBuildConfiguration section */

/* Begin XCConfigurationList section */
		1D6058960D05DD3E006BFB54 /* Build configuration list for PBXNativeTarget "Moodle" */ = {
			isa = XCConfigurationList;
			buildConfigurations = (
				1D6058940D05DD3E006BFB54 /* Debug */,
				1D6058950D05DD3E006BFB54 /* Release */,
			);
			defaultConfigurationIsVisible = 0;
			defaultConfigurationName = Release;
		};
		C01FCF4E08A954540054247B /* Build configuration list for PBXProject "Moodle" */ = {
			isa = XCConfigurationList;
			buildConfigurations = (
				C01FCF4F08A954540054247B /* Debug */,
				C01FCF5008A954540054247B /* Release */,
			);
			defaultConfigurationIsVisible = 0;
			defaultConfigurationName = Release;
		};
/* End XCConfigurationList section */
	};
	rootObject = 29B97313FDCFA39411CA2CEA /* Project object */;
}
